
Microsoft Visual Studio Solution File, Format Version 12.00
# Visual Studio Version 17
VisualStudioVersion = 17.8.34330.188
MinimumVisualStudioVersion = 10.0.40219.1
Project("{8BC9CEB8-8B4A-11D0-8D11-00A0C91BC942}") = "task3", "task3.vcxproj", "{21A32A1E-7D20-4093-A515-B855E8130D9A}"
EndProject
Global
	GlobalSection(SolutionConfigurationPlatforms) = preSolution
		Debug|x64 = Debug|x64
		Debug|x86 = Debug|x86
		Release|x64 = Release|x64
		Release|x86 = Release|x86
	EndGlobalSection
	GlobalSection(ProjectConfigurationPlatforms) = postSolution
		{21A32A1E-7D20-4093-A515-B855E8130D9A}.Debug|x64.ActiveCfg = Debug|x64
		{21A32A1E-7D20-4093-A515-B855E8130D9A}.Debug|x64.Build.0 = Debug|x64
		{21A32A1E-7D20-4093-A515-B855E8130D9A}.Debug|x86.ActiveCfg = Debug|Win32
		{21A32A1E-7D20-4093-A515-B855E8130D9A}.Debug|x86.Build.0 = Debug|Win32
		{21A32A1E-7D20-4093-A515-B855E8130D9A}.Release|x64.ActiveCfg = Release|x64
		{21A32A1E-7D20-4093-A515-B855E8130D9A}.Release|x64.Build.0 = Release|x64
		{21A32A1E-7D20-4093-A515-B855E8130D9A}.Release|x86.ActiveCfg = Release|Win32
		{21A32A1E-7D20-4093-A515-B855E8130D9A}.Release|x86.Build.0 = Release|Win32
	EndGlobalSection
	GlobalSection(SolutionProperties) = preSolution
		HideSolutionNode = FALSE
	EndGlobalSection
	GlobalSection(ExtensibilityGlobals) = postSolution
		SolutionGuid = {00F14D6A-2080-413F-B444-FD25C808B4AC}
	EndGlobalSection
EndGlobal
